version = 1

[remotes.diagram-design]
url = "https://github.com/cathrynlavery/diagram-design"
ref = "main"
rev = "648c2a597839301e06df1e7434a08bde9f42eed3"
updated_at = "2026-08-25T00:50:07Z"

[remotes.humanizer]
url = "https://github.com/blader/humanizer"
ref = "main"
rev = "e2e92e7b4b8229253ed5c8e81dc65463fdeddda5"
updated_at = "2026-08-25T00:50:07Z"

[remotes.make-interfaces-feel-better]
url = "https://github.com/jakubkrehel/make-interfaces-feel-better"
ref = "main"
rev = "35545ea1512ad59fa463e6b1f95ca9c052981fe6"
updated_at = "2026-09-02T03:07:56Z"
