version = 1

[remotes.diagram-design]
url = "https://github.com/cathrynlavery/diagram-design"
ref = "main"
rev = "648c2a597839301e06df1e7434a08bde9f42eed3"
updated_at = "2026-08-25T00:50:07Z"

[remotes.humanizer]
url = "https://github.com/blader/humanizer"
ref = "main"
rev = "e2e92e7b4b8229253ed5c8e81dc65463fdeddda5"
updated_at = "2026-08-25T00:50:07Z"

[remotes.make-interfaces-feel-better]
url = "https://github.com/jakubkrehel/make-interfaces-feel-better"
ref = "main"
rev = "5a4076ac611d6610b9cb4d67f5275cb4f869411b"
updated_at = "2026-08-15T19:26:36Z"
