version = 1

[remotes.diagram-design]
url = "https://github.com/cathrynlavery/diagram-design"
ref = "main"
rev = "3c5c34ba3bf9dcf204b55c2dd613f8fa194cf584"
updated_at = "2026-08-12T20:49:46Z"

[remotes.humanizer]
url = "https://github.com/blader/humanizer"
ref = "main"
rev = "523374dee72d67c7b2b5f858ea0094ffda49c3ac"
updated_at = "2026-08-11T21:47:44Z"

[remotes.make-interfaces-feel-better]
url = "https://github.com/jakubkrehel/make-interfaces-feel-better"
ref = "main"
rev = "5a4076ac611d6610b9cb4d67f5275cb4f869411b"
updated_at = "2026-08-15T19:26:36Z"
